
Microsoft Visual Studio Solution File, Format Version 12.00
# Visual Studio 15
VisualStudioVersion = 15.0.26124.0
MinimumVisualStudioVersion = 15.0.26124.0
Project("{2150E333-8FDC-42A3-9474-1A3956D46DE8}") = "src", "src", "{952A8149-2A5D-4E96-A691-6BAE2F227C16}"
EndProject
Project("{FAE04EC0-301F-11D3-BF4B-00C04F79EFBC}") = "GradeBook", "src\GradeBook\GradeBook.csproj", "{17647CEF-B9D4-45FE-AE3F-E382A4024F18}"
EndProject
Project("{2150E333-8FDC-42A3-9474-1A3956D46DE8}") = "test", "test", "{57A53396-1971-46B6-80D0-225A892E42F9}"
EndProject
Project("{FAE04EC0-301F-11D3-BF4B-00C04F79EFBC}") = "test", "test\Gradebook.test\test.csproj", "{25741EBC-3DB9-4A65-A146-4D796DA8EC25}"
EndProject
Global
	GlobalSection(SolutionConfigurationPlatforms) = preSolution
		Debug|Any CPU = Debug|Any CPU
		Debug|x64 = Debug|x64
		Debug|x86 = Debug|x86
		Release|Any CPU = Release|Any CPU
		Release|x64 = Release|x64
		Release|x86 = Release|x86
	EndGlobalSection
	GlobalSection(SolutionProperties) = preSolution
		HideSolutionNode = FALSE
	EndGlobalSection
	GlobalSection(ProjectConfigurationPlatforms) = postSolution
		{17647CEF-B9D4-45FE-AE3F-E382A4024F18}.Debug|Any CPU.ActiveCfg = Debug|Any CPU
		{17647CEF-B9D4-45FE-AE3F-E382A4024F18}.Debug|Any CPU.Build.0 = Debug|Any CPU
		{17647CEF-B9D4-45FE-AE3F-E382A4024F18}.Debug|x64.ActiveCfg = Debug|Any CPU
		{17647CEF-B9D4-45FE-AE3F-E382A4024F18}.Debug|x64.Build.0 = Debug|Any CPU
		{17647CEF-B9D4-45FE-AE3F-E382A4024F18}.Debug|x86.ActiveCfg = Debug|Any CPU
		{17647CEF-B9D4-45FE-AE3F-E382A4024F18}.Debug|x86.Build.0 = Debug|Any CPU
		{17647CEF-B9D4-45FE-AE3F-E382A4024F18}.Release|Any CPU.ActiveCfg = Release|Any CPU
		{17647CEF-B9D4-45FE-AE3F-E382A4024F18}.Release|Any CPU.Build.0 = Release|Any CPU
		{17647CEF-B9D4-45FE-AE3F-E382A4024F18}.Release|x64.ActiveCfg = Release|Any CPU
		{17647CEF-B9D4-45FE-AE3F-E382A4024F18}.Release|x64.Build.0 = Release|Any CPU
		{17647CEF-B9D4-45FE-AE3F-E382A4024F18}.Release|x86.ActiveCfg = Release|Any CPU
		{17647CEF-B9D4-45FE-AE3F-E382A4024F18}.Release|x86.Build.0 = Release|Any CPU
		{25741EBC-3DB9-4A65-A146-4D796DA8EC25}.Debug|Any CPU.ActiveCfg = Debug|Any CPU
		{25741EBC-3DB9-4A65-A146-4D796DA8EC25}.Debug|Any CPU.Build.0 = Debug|Any CPU
		{25741EBC-3DB9-4A65-A146-4D796DA8EC25}.Debug|x64.ActiveCfg = Debug|Any CPU
		{25741EBC-3DB9-4A65-A146-4D796DA8EC25}.Debug|x64.Build.0 = Debug|Any CPU
		{25741EBC-3DB9-4A65-A146-4D796DA8EC25}.Debug|x86.ActiveCfg = Debug|Any CPU
		{25741EBC-3DB9-4A65-A146-4D796DA8EC25}.Debug|x86.Build.0 = Debug|Any CPU
		{25741EBC-3DB9-4A65-A146-4D796DA8EC25}.Release|Any CPU.ActiveCfg = Release|Any CPU
		{25741EBC-3DB9-4A65-A146-4D796DA8EC25}.Release|Any CPU.Build.0 = Release|Any CPU
		{25741EBC-3DB9-4A65-A146-4D796DA8EC25}.Release|x64.ActiveCfg = Release|Any CPU
		{25741EBC-3DB9-4A65-A146-4D796DA8EC25}.Release|x64.Build.0 = Release|Any CPU
		{25741EBC-3DB9-4A65-A146-4D796DA8EC25}.Release|x86.ActiveCfg = Release|Any CPU
		{25741EBC-3DB9-4A65-A146-4D796DA8EC25}.Release|x86.Build.0 = Release|Any CPU
	EndGlobalSection
	GlobalSection(NestedProjects) = preSolution
		{17647CEF-B9D4-45FE-AE3F-E382A4024F18} = {952A8149-2A5D-4E96-A691-6BAE2F227C16}
		{25741EBC-3DB9-4A65-A146-4D796DA8EC25} = {57A53396-1971-46B6-80D0-225A892E42F9}
	EndGlobalSection
EndGlobal
